
Microsoft Visual Studio Solution File, Format Version 12.00
# Visual Studio 14
VisualStudioVersion = 14.0.25420.1
MinimumVisualStudioVersion = 10.0.40219.1
Project("{FAE04EC0-301F-11D3-BF4B-00C04F79EFBC}") = "TwainDirect.App", "TwainDirectApplication\TwainDirect.App.csproj", "{DE8AC167-CFF1-446D-9145-29179CA1B472}"
	ProjectSection(ProjectDependencies) = postProject
		{50D52482-9C72-45B3-9BCF-1E4B49976E48} = {50D52482-9C72-45B3-9BCF-1E4B49976E48}
	EndProjectSection
EndProject
Project("{FAE04EC0-301F-11D3-BF4B-00C04F79EFBC}") = "TwainDirectOnTwain", "TwainDirectOnTwain\TwainDirectOnTwain.csproj", "{8AB4EAB2-F716-4578-827A-104BAD246488}"
	ProjectSection(ProjectDependencies) = postProject
		{50D52482-9C72-45B3-9BCF-1E4B49976E48} = {50D52482-9C72-45B3-9BCF-1E4B49976E48}
	EndProjectSection
EndProject
Project("{FAE04EC0-301F-11D3-BF4B-00C04F79EFBC}") = "TwainDirectScanner", "TwainDirectScanner\TwainDirectScanner.csproj", "{F8463B8B-C0F9-46D2-86C5-053F3301DF2F}"
	ProjectSection(ProjectDependencies) = postProject
		{50D52482-9C72-45B3-9BCF-1E4B49976E48} = {50D52482-9C72-45B3-9BCF-1E4B49976E48}
	EndProjectSection
EndProject
Project("{FAE04EC0-301F-11D3-BF4B-00C04F79EFBC}") = "TwainDirectSupport", "TwainDirectSupport\TwainDirectSupport.csproj", "{50D52482-9C72-45B3-9BCF-1E4B49976E48}"
EndProject
Project("{FAE04EC0-301F-11D3-BF4B-00C04F79EFBC}") = "TwainDirectOnSane", "TwainDirectOnSane\TwainDirectOnSane.csproj", "{AB4D6AC2-5F73-4AE9-B1B6-D85FBCDFDCE8}"
	ProjectSection(ProjectDependencies) = postProject
		{50D52482-9C72-45B3-9BCF-1E4B49976E48} = {50D52482-9C72-45B3-9BCF-1E4B49976E48}
	EndProjectSection
EndProject
Project("{FAE04EC0-301F-11D3-BF4B-00C04F79EFBC}") = "TwainDirectCertification", "TwainDirectCertification\TwainDirectCertification.csproj", "{ED11A4C1-1C03-4092-B1FA-F1D35C47D59D}"
EndProject
Project("{2150E333-8FDC-42A3-9474-1A3956D46DE8}") = "Bridges", "Bridges", "{91332E2E-AD35-43C7-AD6D-5AAF64280C4B}"
EndProject
Project("{2150E333-8FDC-42A3-9474-1A3956D46DE8}") = "Tests", "Tests", "{CF00C1EB-DEEF-4528-A33C-03BA5B301BE0}"
EndProject
Project("{2150E333-8FDC-42A3-9474-1A3956D46DE8}") = "Client Application", "Client Application", "{CFC5E49A-C970-43A7-8D9B-6AF5CAD9E165}"
EndProject
Project("{2150E333-8FDC-42A3-9474-1A3956D46DE8}") = "Common", "Common", "{C26CA1F1-9007-453D-A2A3-9F12CA80A1A0}"
EndProject
Project("{930C7802-8A8C-48F9-8165-68863BCCD9DD}") = "TwainDirect.App.Installer.x86", "TwainDirect.App.Installer\TwainDirect.App.Installer.x86.wixproj", "{E900EFCD-67BC-4C59-B5BA-BA2E908FD44B}"
EndProject
Project("{930C7802-8A8C-48F9-8165-68863BCCD9DD}") = "TwainDirect.App.Installer.x64", "TwainDirect.App.Installer\TwainDirect.App.Installer.x64.wixproj", "{72610619-4943-40D6-BBCC-C8C5D45C5A9A}"
EndProject
Global
	GlobalSection(SolutionConfigurationPlatforms) = preSolution
		Debug|Any CPU = Debug|Any CPU
		Debug|x64 = Debug|x64
		Debug|x86 = Debug|x86
		Release|Any CPU = Release|Any CPU
		Release|x64 = Release|x64
		Release|x86 = Release|x86
	EndGlobalSection
	GlobalSection(ProjectConfigurationPlatforms) = postSolution
		{DE8AC167-CFF1-446D-9145-29179CA1B472}.Debug|Any CPU.ActiveCfg = Debug|Any CPU
		{DE8AC167-CFF1-446D-9145-29179CA1B472}.Debug|Any CPU.Build.0 = Debug|Any CPU
		{DE8AC167-CFF1-446D-9145-29179CA1B472}.Debug|x64.ActiveCfg = Debug|x64
		{DE8AC167-CFF1-446D-9145-29179CA1B472}.Debug|x64.Build.0 = Debug|x64
		{DE8AC167-CFF1-446D-9145-29179CA1B472}.Debug|x86.ActiveCfg = Debug|x86
		{DE8AC167-CFF1-446D-9145-29179CA1B472}.Debug|x86.Build.0 = Debug|x86
		{DE8AC167-CFF1-446D-9145-29179CA1B472}.Release|Any CPU.ActiveCfg = Release|Any CPU
		{DE8AC167-CFF1-446D-9145-29179CA1B472}.Release|Any CPU.Build.0 = Release|Any CPU
		{DE8AC167-CFF1-446D-9145-29179CA1B472}.Release|x64.ActiveCfg = Release|x64
		{DE8AC167-CFF1-446D-9145-29179CA1B472}.Release|x64.Build.0 = Release|x64
		{DE8AC167-CFF1-446D-9145-29179CA1B472}.Release|x86.ActiveCfg = Release|x86
		{DE8AC167-CFF1-446D-9145-29179CA1B472}.Release|x86.Build.0 = Release|x86
		{8AB4EAB2-F716-4578-827A-104BAD246488}.Debug|Any CPU.ActiveCfg = Debug|Any CPU
		{8AB4EAB2-F716-4578-827A-104BAD246488}.Debug|Any CPU.Build.0 = Debug|Any CPU
		{8AB4EAB2-F716-4578-827A-104BAD246488}.Debug|x64.ActiveCfg = Debug|x64
		{8AB4EAB2-F716-4578-827A-104BAD246488}.Debug|x64.Build.0 = Debug|x64
		{8AB4EAB2-F716-4578-827A-104BAD246488}.Debug|x86.ActiveCfg = Debug|x86
		{8AB4EAB2-F716-4578-827A-104BAD246488}.Debug|x86.Build.0 = Debug|x86
		{8AB4EAB2-F716-4578-827A-104BAD246488}.Release|Any CPU.ActiveCfg = Release|Any CPU
		{8AB4EAB2-F716-4578-827A-104BAD246488}.Release|Any CPU.Build.0 = Release|Any CPU
		{8AB4EAB2-F716-4578-827A-104BAD246488}.Release|x64.ActiveCfg = Release|x64
		{8AB4EAB2-F716-4578-827A-104BAD246488}.Release|x64.Build.0 = Release|x64
		{8AB4EAB2-F716-4578-827A-104BAD246488}.Release|x86.ActiveCfg = Release|x86
		{8AB4EAB2-F716-4578-827A-104BAD246488}.Release|x86.Build.0 = Release|x86
		{F8463B8B-C0F9-46D2-86C5-053F3301DF2F}.Debug|Any CPU.ActiveCfg = Debug|Any CPU
		{F8463B8B-C0F9-46D2-86C5-053F3301DF2F}.Debug|Any CPU.Build.0 = Debug|Any CPU
		{F8463B8B-C0F9-46D2-86C5-053F3301DF2F}.Debug|x64.ActiveCfg = Debug|x64
		{F8463B8B-C0F9-46D2-86C5-053F3301DF2F}.Debug|x64.Build.0 = Debug|x64
		{F8463B8B-C0F9-46D2-86C5-053F3301DF2F}.Debug|x86.ActiveCfg = Debug|x86
		{F8463B8B-C0F9-46D2-86C5-053F3301DF2F}.Debug|x86.Build.0 = Debug|x86
		{F8463B8B-C0F9-46D2-86C5-053F3301DF2F}.Release|Any CPU.ActiveCfg = Release|Any CPU
		{F8463B8B-C0F9-46D2-86C5-053F3301DF2F}.Release|Any CPU.Build.0 = Release|Any CPU
		{F8463B8B-C0F9-46D2-86C5-053F3301DF2F}.Release|x64.ActiveCfg = Release|x64
		{F8463B8B-C0F9-46D2-86C5-053F3301DF2F}.Release|x64.Build.0 = Release|x64
		{F8463B8B-C0F9-46D2-86C5-053F3301DF2F}.Release|x86.ActiveCfg = Release|x86
		{F8463B8B-C0F9-46D2-86C5-053F3301DF2F}.Release|x86.Build.0 = Release|x86
		{50D52482-9C72-45B3-9BCF-1E4B49976E48}.Debug|Any CPU.ActiveCfg = Debug|Any CPU
		{50D52482-9C72-45B3-9BCF-1E4B49976E48}.Debug|Any CPU.Build.0 = Debug|Any CPU
		{50D52482-9C72-45B3-9BCF-1E4B49976E48}.Debug|x64.ActiveCfg = Debug|x64
		{50D52482-9C72-45B3-9BCF-1E4B49976E48}.Debug|x64.Build.0 = Debug|x64
		{50D52482-9C72-45B3-9BCF-1E4B49976E48}.Debug|x86.ActiveCfg = Debug|x86
		{50D52482-9C72-45B3-9BCF-1E4B49976E48}.Debug|x86.Build.0 = Debug|x86
		{50D52482-9C72-45B3-9BCF-1E4B49976E48}.Release|Any CPU.ActiveCfg = Release|Any CPU
		{50D52482-9C72-45B3-9BCF-1E4B49976E48}.Release|Any CPU.Build.0 = Release|Any CPU
		{50D52482-9C72-45B3-9BCF-1E4B49976E48}.Release|x64.ActiveCfg = Release|x64
		{50D52482-9C72-45B3-9BCF-1E4B49976E48}.Release|x64.Build.0 = Release|x64
		{50D52482-9C72-45B3-9BCF-1E4B49976E48}.Release|x86.ActiveCfg = Release|x86
		{50D52482-9C72-45B3-9BCF-1E4B49976E48}.Release|x86.Build.0 = Release|x86
		{AB4D6AC2-5F73-4AE9-B1B6-D85FBCDFDCE8}.Debug|Any CPU.ActiveCfg = Debug|Any CPU
		{AB4D6AC2-5F73-4AE9-B1B6-D85FBCDFDCE8}.Debug|Any CPU.Build.0 = Debug|Any CPU
		{AB4D6AC2-5F73-4AE9-B1B6-D85FBCDFDCE8}.Debug|x64.ActiveCfg = Debug|x64
		{AB4D6AC2-5F73-4AE9-B1B6-D85FBCDFDCE8}.Debug|x64.Build.0 = Debug|x64
		{AB4D6AC2-5F73-4AE9-B1B6-D85FBCDFDCE8}.Debug|x86.ActiveCfg = Debug|x86
		{AB4D6AC2-5F73-4AE9-B1B6-D85FBCDFDCE8}.Debug|x86.Build.0 = Debug|x86
		{AB4D6AC2-5F73-4AE9-B1B6-D85FBCDFDCE8}.Release|Any CPU.ActiveCfg = Release|Any CPU
		{AB4D6AC2-5F73-4AE9-B1B6-D85FBCDFDCE8}.Release|Any CPU.Build.0 = Release|Any CPU
		{AB4D6AC2-5F73-4AE9-B1B6-D85FBCDFDCE8}.Release|x64.ActiveCfg = Release|x64
		{AB4D6AC2-5F73-4AE9-B1B6-D85FBCDFDCE8}.Release|x64.Build.0 = Release|x64
		{AB4D6AC2-5F73-4AE9-B1B6-D85FBCDFDCE8}.Release|x86.ActiveCfg = Release|x86
		{AB4D6AC2-5F73-4AE9-B1B6-D85FBCDFDCE8}.Release|x86.Build.0 = Release|x86
		{ED11A4C1-1C03-4092-B1FA-F1D35C47D59D}.Debug|Any CPU.ActiveCfg = Debug|Any CPU
		{ED11A4C1-1C03-4092-B1FA-F1D35C47D59D}.Debug|Any CPU.Build.0 = Debug|Any CPU
		{ED11A4C1-1C03-4092-B1FA-F1D35C47D59D}.Debug|x64.ActiveCfg = Debug|x64
		{ED11A4C1-1C03-4092-B1FA-F1D35C47D59D}.Debug|x64.Build.0 = Debug|x64
		{ED11A4C1-1C03-4092-B1FA-F1D35C47D59D}.Debug|x86.ActiveCfg = Debug|x86
		{ED11A4C1-1C03-4092-B1FA-F1D35C47D59D}.Debug|x86.Build.0 = Debug|x86
		{ED11A4C1-1C03-4092-B1FA-F1D35C47D59D}.Release|Any CPU.ActiveCfg = Release|Any CPU
		{ED11A4C1-1C03-4092-B1FA-F1D35C47D59D}.Release|Any CPU.Build.0 = Release|Any CPU
		{ED11A4C1-1C03-4092-B1FA-F1D35C47D59D}.Release|x64.ActiveCfg = Release|x64
		{ED11A4C1-1C03-4092-B1FA-F1D35C47D59D}.Release|x64.Build.0 = Release|x64
		{ED11A4C1-1C03-4092-B1FA-F1D35C47D59D}.Release|x86.ActiveCfg = Release|x86
		{ED11A4C1-1C03-4092-B1FA-F1D35C47D59D}.Release|x86.Build.0 = Release|x86
		{E900EFCD-67BC-4C59-B5BA-BA2E908FD44B}.Debug|Any CPU.ActiveCfg = Debug|x86
		{E900EFCD-67BC-4C59-B5BA-BA2E908FD44B}.Debug|x64.ActiveCfg = Debug|x86
		{E900EFCD-67BC-4C59-B5BA-BA2E908FD44B}.Debug|x86.ActiveCfg = Debug|x86
		{E900EFCD-67BC-4C59-B5BA-BA2E908FD44B}.Debug|x86.Build.0 = Debug|x86
		{E900EFCD-67BC-4C59-B5BA-BA2E908FD44B}.Release|Any CPU.ActiveCfg = Release|x86
		{E900EFCD-67BC-4C59-B5BA-BA2E908FD44B}.Release|x64.ActiveCfg = Release|x86
		{E900EFCD-67BC-4C59-B5BA-BA2E908FD44B}.Release|x86.ActiveCfg = Release|x86
		{E900EFCD-67BC-4C59-B5BA-BA2E908FD44B}.Release|x86.Build.0 = Release|x86
		{72610619-4943-40D6-BBCC-C8C5D45C5A9A}.Debug|Any CPU.ActiveCfg = Debug|x64
		{72610619-4943-40D6-BBCC-C8C5D45C5A9A}.Debug|x64.ActiveCfg = Debug|x64
		{72610619-4943-40D6-BBCC-C8C5D45C5A9A}.Debug|x64.Build.0 = Debug|x64
		{72610619-4943-40D6-BBCC-C8C5D45C5A9A}.Debug|x86.ActiveCfg = Debug|x64
		{72610619-4943-40D6-BBCC-C8C5D45C5A9A}.Release|Any CPU.ActiveCfg = Release|x64
		{72610619-4943-40D6-BBCC-C8C5D45C5A9A}.Release|x64.ActiveCfg = Release|x64
		{72610619-4943-40D6-BBCC-C8C5D45C5A9A}.Release|x64.Build.0 = Release|x64
		{72610619-4943-40D6-BBCC-C8C5D45C5A9A}.Release|x86.ActiveCfg = Release|x64
	EndGlobalSection
	GlobalSection(SolutionProperties) = preSolution
		HideSolutionNode = FALSE
	EndGlobalSection
	GlobalSection(NestedProjects) = preSolution
		{DE8AC167-CFF1-446D-9145-29179CA1B472} = {CFC5E49A-C970-43A7-8D9B-6AF5CAD9E165}
		{8AB4EAB2-F716-4578-827A-104BAD246488} = {91332E2E-AD35-43C7-AD6D-5AAF64280C4B}
		{50D52482-9C72-45B3-9BCF-1E4B49976E48} = {C26CA1F1-9007-453D-A2A3-9F12CA80A1A0}
		{AB4D6AC2-5F73-4AE9-B1B6-D85FBCDFDCE8} = {91332E2E-AD35-43C7-AD6D-5AAF64280C4B}
		{ED11A4C1-1C03-4092-B1FA-F1D35C47D59D} = {CF00C1EB-DEEF-4528-A33C-03BA5B301BE0}
		{E900EFCD-67BC-4C59-B5BA-BA2E908FD44B} = {CFC5E49A-C970-43A7-8D9B-6AF5CAD9E165}
		{72610619-4943-40D6-BBCC-C8C5D45C5A9A} = {CFC5E49A-C970-43A7-8D9B-6AF5CAD9E165}
	EndGlobalSection
EndGlobal
